// !$*UTF8*$!
{
	archiveVersion = 1;
	classes = {
	};
	objectVersion = 50;
	objects = {

/* Begin PBXBuildFile section */
		E9E229BD24609FAF001C4A8D /* AppDelegate.swift in Sources */ = {isa = PBXBuildFile; fileRef = E9E229BC24609FAF001C4A8D /* AppDelegate.swift */; };
		E9E229BF24609FAF001C4A8D /* SceneDelegate.swift in Sources */ = {isa = PBXBuildFile; fileRef = E9E229BE24609FAF001C4A8D /* SceneDelegate.swift */; };
		E9E229C624609FB0001C4A8D /* Assets.xcassets in Resources */ = {isa = PBXBuildFile; fileRef = E9E229C524609FB0001C4A8D /* Assets.xcassets */; };
		E9E229C924609FB0001C4A8D /* LaunchScreen.storyboard in Resources */ = {isa = PBXBuildFile; fileRef = E9E229C724609FB0001C4A8D /* LaunchScreen.storyboard */; };
		E9E229D12460A002001C4A8D /* MainViewController.swift in Sources */ = {isa = PBXBuildFile; fileRef = E9E229D02460A002001C4A8D /* MainViewController.swift */; };
		E9E229D32460A048001C4A8D /* MainView.swift in Sources */ = {isa = PBXBuildFile; fileRef = E9E229D22460A048001C4A8D /* MainView.swift */; };
		E9E229D52460A69C001C4A8D /* UIKitExtensions.swift in Sources */ = {isa = PBXBuildFile; fileRef = E9E229D42460A69C001C4A8D /* UIKitExtensions.swift */; };
/* End PBXBuildFile section */

/* Begin PBXFileReference section */
		E9E229B924609FAF001C4A8D /* PlaidApp.app */ = {isa = PBXFileReference; explicitFileType = wrapper.application; includeInIndex = 0; path = PlaidApp.app; sourceTree = BUILT_PRODUCTS_DIR; };
		E9E229BC24609FAF001C4A8D /* AppDelegate.swift */ = {isa = PBXFileReference; lastKnownFileType = sourcecode.swift; path = AppDelegate.swift; sourceTree = "<group>"; };
		E9E229BE24609FAF001C4A8D /* SceneDelegate.swift */ = {isa = PBXFileReference; lastKnownFileType = sourcecode.swift; path = SceneDelegate.swift; sourceTree = "<group>"; };
		E9E229C524609FB0001C4A8D /* Assets.xcassets */ = {isa = PBXFileReference; lastKnownFileType = folder.assetcatalog; path = Assets.xcassets; sourceTree = "<group>"; };
		E9E229C824609FB0001C4A8D /* Base */ = {isa = PBXFileReference; lastKnownFileType = file.storyboard; name = Base; path = Base.lproj/LaunchScreen.storyboard; sourceTree = "<group>"; };
		E9E229CA24609FB0001C4A8D /* Info.plist */ = {isa = PBXFileReference; lastKnownFileType = text.plist.xml; path = Info.plist; sourceTree = "<group>"; };
		E9E229D02460A002001C4A8D /* MainViewController.swift */ = {isa = PBXFileReference; lastKnownFileType = sourcecode.swift; path = MainViewController.swift; sourceTree = "<group>"; };
		E9E229D22460A048001C4A8D /* MainView.swift */ = {isa = PBXFileReference; lastKnownFileType = sourcecode.swift; path = MainView.swift; sourceTree = "<group>"; };
		E9E229D42460A69C001C4A8D /* UIKitExtensions.swift */ = {isa = PBXFileReference; lastKnownFileType = sourcecode.swift; path = UIKitExtensions.swift; sourceTree = "<group>"; };
/* End PBXFileReference section */

/* Begin PBXFrameworksBuildPhase section */
		E9E229B624609FAF001C4A8D /* Frameworks */ = {
			isa = PBXFrameworksBuildPhase;
			buildActionMask = 2147483647;
			files = (
			);
			runOnlyForDeploymentPostprocessing = 0;
		};
/* End PBXFrameworksBuildPhase section */

/* Begin PBXGroup section */
		E9E229B024609FAF001C4A8D = {
			isa = PBXGroup;
			children = (
				E9E229BB24609FAF001C4A8D /* PlaidApp */,
				E9E229BA24609FAF001C4A8D /* Products */,
			);
			sourceTree = "<group>";
		};
		E9E229BA24609FAF001C4A8D /* Products */ = {
			isa = PBXGroup;
			children = (
				E9E229B924609FAF001C4A8D /* PlaidApp.app */,
			);
			name = Products;
			sourceTree = "<group>";
		};
		E9E229BB24609FAF001C4A8D /* PlaidApp */ = {
			isa = PBXGroup;
			children = (
				E9E229D62460A6B6001C4A8D /* Utilities */,
				E9E229D72460A6BE001C4A8D /* Views */,
				E9E229D82460A6C3001C4A8D /* Controllers */,
				E9E229BC24609FAF001C4A8D /* AppDelegate.swift */,
				E9E229BE24609FAF001C4A8D /* SceneDelegate.swift */,
				E9E229C524609FB0001C4A8D /* Assets.xcassets */,
				E9E229C724609FB0001C4A8D /* LaunchScreen.storyboard */,
				E9E229CA24609FB0001C4A8D /* Info.plist */,
			);
			path = PlaidApp;
			sourceTree = "<group>";
		};
		E9E229D62460A6B6001C4A8D /* Utilities */ = {
			isa = PBXGroup;
			children = (
				E9E229D42460A69C001C4A8D /* UIKitExtensions.swift */,
			);
			name = Utilities;
			sourceTree = "<group>";
		};
		E9E229D72460A6BE001C4A8D /* Views */ = {
			isa = PBXGroup;
			children = (
				E9E229D22460A048001C4A8D /* MainView.swift */,
			);
			name = Views;
			sourceTree = "<group>";
		};
		E9E229D82460A6C3001C4A8D /* Controllers */ = {
			isa = PBXGroup;
			children = (
				E9E229D02460A002001C4A8D /* MainViewController.swift */,
			);
			name = Controllers;
			sourceTree = "<group>";
		};
/* End PBXGroup section */

/* Begin PBXNativeTarget section */
		E9E229B824609FAF001C4A8D /* PlaidApp */ = {
			isa = PBXNativeTarget;
			buildConfigurationList = E9E229CD24609FB0001C4A8D /* Build configuration list for PBXNativeTarget "PlaidApp" */;
			buildPhases = (
				E9E229B524609FAF001C4A8D /* Sources */,
				E9E229B624609FAF001C4A8D /* Frameworks */,
				E9E229B724609FAF001C4A8D /* Resources */,
			);
			buildRules = (
			);
			dependencies = (
			);
			name = PlaidApp;
			productName = PlaidApp;
			productReference = E9E229B924609FAF001C4A8D /* PlaidApp.app */;
			productType = "com.apple.product-type.application";
		};
/* End PBXNativeTarget section */

/* Begin PBXProject section */
		E9E229B124609FAF001C4A8D /* Project object */ = {
			isa = PBXProject;
			attributes = {
				LastSwiftUpdateCheck = 1140;
				LastUpgradeCheck = 1140;
				ORGANIZATIONNAME = "Sherman Shi";
				TargetAttributes = {
					E9E229B824609FAF001C4A8D = {
						CreatedOnToolsVersion = 11.4.1;
					};
				};
			};
			buildConfigurationList = E9E229B424609FAF001C4A8D /* Build configuration list for PBXProject "PlaidApp" */;
			compatibilityVersion = "Xcode 9.3";
			developmentRegion = en;
			hasScannedForEncodings = 0;
			knownRegions = (
				en,
				Base,
			);
			mainGroup = E9E229B024609FAF001C4A8D;
			productRefGroup = E9E229BA24609FAF001C4A8D /* Products */;
			projectDirPath = "";
			projectRoot = "";
			targets = (
				E9E229B824609FAF001C4A8D /* PlaidApp */,
			);
		};
/* End PBXProject section */

/* Begin PBXResourcesBuildPhase section */
		E9E229B724609FAF001C4A8D /* Resources */ = {
			isa = PBXResourcesBuildPhase;
			buildActionMask = 2147483647;
			files = (
				E9E229C924609FB0001C4A8D /* LaunchScreen.storyboard in Resources */,
				E9E229C624609FB0001C4A8D /* Assets.xcassets in Resources */,
			);
			runOnlyForDeploymentPostprocessing = 0;
		};
/* End PBXResourcesBuildPhase section */

/* Begin PBXSourcesBuildPhase section */
		E9E229B524609FAF001C4A8D /* Sources */ = {
			isa = PBXSourcesBuildPhase;
			buildActionMask = 2147483647;
			files = (
				E9E229D12460A002001C4A8D /* MainViewController.swift in Sources */,
				E9E229D32460A048001C4A8D /* MainView.swift in Sources */,
				E9E229BD24609FAF001C4A8D /* AppDelegate.swift in Sources */,
				E9E229BF24609FAF001C4A8D /* SceneDelegate.swift in Sources */,
				E9E229D52460A69C001C4A8D /* UIKitExtensions.swift in Sources */,
			);
			runOnlyForDeploymentPostprocessing = 0;
		};
/* End PBXSourcesBuildPhase section */

/* Begin PBXVariantGroup section */
		E9E229C724609FB0001C4A8D /* LaunchScreen.storyboard */ = {
			isa = PBXVariantGroup;
			children = (
				E9E229C824609FB0001C4A8D /* Base */,
			);
			name = LaunchScreen.storyboard;
			sourceTree = "<group>";
		};
/* End PBXVariantGroup section */

/* Begin XCBuildConfiguration section */
		E9E229CB24609FB0001C4A8D /* Debug */ = {
			isa = XCBuildConfiguration;
			buildSettings = {
				ALWAYS_SEARCH_USER_PATHS = NO;
				CLANG_ANALYZER_NONNULL = YES;
				CLANG_ANALYZER_NUMBER_OBJECT_CONVERSION = YES_AGGRESSIVE;
				CLANG_CXX_LANGUAGE_STANDARD = "gnu++14";
				CLANG_CXX_LIBRARY = "libc++";
				CLANG_ENABLE_MODULES = YES;
				CLANG_ENABLE_OBJC_ARC = YES;
				CLANG_ENABLE_OBJC_WEAK = YES;
				CLANG_WARN_BLOCK_CAPTURE_AUTORELEASING = YES;
				CLANG_WARN_BOOL_CONVERSION = YES;
				CLANG_WARN_COMMA = YES;
				CLANG_WARN_CONSTANT_CONVERSION = YES;
				CLANG_WARN_DEPRECATED_OBJC_IMPLEMENTATIONS = YES;
				CLANG_WARN_DIRECT_OBJC_ISA_USAGE = YES_ERROR;
				CLANG_WARN_DOCUMENTATION_COMMENTS = YES;
				CLANG_WARN_EMPTY_BODY = YES;
				CLANG_WARN_ENUM_CONVERSION = YES;
				CLANG_WARN_INFINITE_RECURSION = YES;
				CLANG_WARN_INT_CONVERSION = YES;
				CLANG_WARN_NON_LITERAL_NULL_CONVERSION = YES;
				CLANG_WARN_OBJC_IMPLICIT_RETAIN_SELF = YES;
				CLANG_WARN_OBJC_LITERAL_CONVERSION = YES;
				CLANG_WARN_OBJC_ROOT_CLASS = YES_ERROR;
				CLANG_WARN_RANGE_LOOP_ANALYSIS = YES;
				CLANG_WARN_STRICT_PROTOTYPES = YES;
				CLANG_WARN_SUSPICIOUS_MOVE = YES;
				CLANG_WARN_UNGUARDED_AVAILABILITY = YES_AGGRESSIVE;
				CLANG_WARN_UNREACHABLE_CODE = YES;
				CLANG_WARN__DUPLICATE_METHOD_MATCH = YES;
				COPY_PHASE_STRIP = NO;
				DEBUG_INFORMATION_FORMAT = dwarf;
				ENABLE_STRICT_OBJC_MSGSEND = YES;
				ENABLE_TESTABILITY = YES;
				GCC_C_LANGUAGE_STANDARD = gnu11;
				GCC_DYNAMIC_NO_PIC = NO;
				GCC_NO_COMMON_BLOCKS = YES;
				GCC_OPTIMIZATION_LEVEL = 0;
				GCC_PREPROCESSOR_DEFINITIONS = (
					"DEBUG=1",
					"$(inherited)",
				);
				GCC_WARN_64_TO_32_BIT_CONVERSION = YES;
				GCC_WARN_ABOUT_RETURN_TYPE = YES_ERROR;
				GCC_WARN_UNDECLARED_SELECTOR = YES;
				GCC_WARN_UNINITIALIZED_AUTOS = YES_AGGRESSIVE;
				GCC_WARN_UNUSED_FUNCTION = YES;
				GCC_WARN_UNUSED_VARIABLE = YES;
				IPHONEOS_DEPLOYMENT_TARGET = 13.4;
				MTL_ENABLE_DEBUG_INFO = INCLUDE_SOURCE;
				MTL_FAST_MATH = YES;
				ONLY_ACTIVE_ARCH = YES;
				SDKROOT = iphoneos;
				SWIFT_ACTIVE_COMPILATION_CONDITIONS = DEBUG;
				SWIFT_OPTIMIZATION_LEVEL = "-Onone";
			};
			name = Debug;
		};
		E9E229CC24609FB0001C4A8D /* Release */ = {
			isa = XCBuildConfiguration;
			buildSettings = {
				ALWAYS_SEARCH_USER_PATHS = NO;
				CLANG_ANALYZER_NONNULL = YES;
				CLANG_ANALYZER_NUMBER_OBJECT_CONVERSION = YES_AGGRESSIVE;
				CLANG_CXX_LANGUAGE_STANDARD = "gnu++14";
				CLANG_CXX_LIBRARY = "libc++";
				CLANG_ENABLE_MODULES = YES;
				CLANG_ENABLE_OBJC_ARC = YES;
				CLANG_ENABLE_OBJC_WEAK = YES;
				CLANG_WARN_BLOCK_CAPTURE_AUTORELEASING = YES;
				CLANG_WARN_BOOL_CONVERSION = YES;
				CLANG_WARN_COMMA = YES;
				CLANG_WARN_CONSTANT_CONVERSION = YES;
				CLANG_WARN_DEPRECATED_OBJC_IMPLEMENTATIONS = YES;
				CLANG_WARN_DIRECT_OBJC_ISA_USAGE = YES_ERROR;
				CLANG_WARN_DOCUMENTATION_COMMENTS = YES;
				CLANG_WARN_EMPTY_BODY = YES;
				CLANG_WARN_ENUM_CONVERSION = YES;
				CLANG_WARN_INFINITE_RECURSION = YES;
				CLANG_WARN_INT_CONVERSION = YES;
				CLANG_WARN_NON_LITERAL_NULL_CONVERSION = YES;
				CLANG_WARN_OBJC_IMPLICIT_RETAIN_SELF = YES;
				CLANG_WARN_OBJC_LITERAL_CONVERSION = YES;
				CLANG_WARN_OBJC_ROOT_CLASS = YES_ERROR;
				CLANG_WARN_RANGE_LOOP_ANALYSIS = YES;
				CLANG_WARN_STRICT_PROTOTYPES = YES;
				CLANG_WARN_SUSPICIOUS_MOVE = YES;
				CLANG_WARN_UNGUARDED_AVAILABILITY = YES_AGGRESSIVE;
				CLANG_WARN_UNREACHABLE_CODE = YES;
				CLANG_WARN__DUPLICATE_METHOD_MATCH = YES;
				COPY_PHASE_STRIP = NO;
				DEBUG_INFORMATION_FORMAT = "dwarf-with-dsym";
				ENABLE_NS_ASSERTIONS = NO;
				ENABLE_STRICT_OBJC_MSGSEND = YES;
				GCC_C_LANGUAGE_STANDARD = gnu11;
				GCC_NO_COMMON_BLOCKS = YES;
				GCC_WARN_64_TO_32_BIT_CONVERSION = YES;
				GCC_WARN_ABOUT_RETURN_TYPE = YES_ERROR;
				GCC_WARN_UNDECLARED_SELECTOR = YES;
				GCC_WARN_UNINITIALIZED_AUTOS = YES_AGGRESSIVE;
				GCC_WARN_UNUSED_FUNCTION = YES;
				GCC_WARN_UNUSED_VARIABLE = YES;
				IPHONEOS_DEPLOYMENT_TARGET = 13.4;
				MTL_ENABLE_DEBUG_INFO = NO;
				MTL_FAST_MATH = YES;
				SDKROOT = iphoneos;
				SWIFT_COMPILATION_MODE = wholemodule;
				SWIFT_OPTIMIZATION_LEVEL = "-O";
				VALIDATE_PRODUCT = YES;
			};
			name = Release;
		};
		E9E229CE24609FB0001C4A8D /* Debug */ = {
			isa = XCBuildConfiguration;
			buildSettings = {
				ASSETCATALOG_COMPILER_APPICON_NAME = AppIcon;
				CODE_SIGN_STYLE = Automatic;
				DEVELOPMENT_TEAM = 2KM25VK9CN;
				INFOPLIST_FILE = PlaidApp/Info.plist;
				LD_RUNPATH_SEARCH_PATHS = (
					"$(inherited)",
					"@executable_path/Frameworks",
				);
				PRODUCT_BUNDLE_IDENTIFIER = "Sherman-Shi.PlaidApp";
				PRODUCT_NAME = "$(TARGET_NAME)";
				SWIFT_VERSION = 5.0;
				TARGETED_DEVICE_FAMILY = "1,2";
			};
			name = Debug;
		};
		E9E229CF24609FB0001C4A8D /* Release */ = {
			isa = XCBuildConfiguration;
			buildSettings = {
				ASSETCATALOG_COMPILER_APPICON_NAME = AppIcon;
				CODE_SIGN_STYLE = Automatic;
				DEVELOPMENT_TEAM = 2KM25VK9CN;
				INFOPLIST_FILE = PlaidApp/Info.plist;
				LD_RUNPATH_SEARCH_PATHS = (
					"$(inherited)",
					"@executable_path/Frameworks",
				);
				PRODUCT_BUNDLE_IDENTIFIER = "Sherman-Shi.PlaidApp";
				PRODUCT_NAME = "$(TARGET_NAME)";
				SWIFT_VERSION = 5.0;
				TARGETED_DEVICE_FAMILY = "1,2";
			};
			name = Release;
		};
/* End XCBuildConfiguration section */

/* Begin XCConfigurationList section */
		E9E229B424609FAF001C4A8D /* Build configuration list for PBXProject "PlaidApp" */ = {
			isa = XCConfigurationList;
			buildConfigurations = (
				E9E229CB24609FB0001C4A8D /* Debug */,
				E9E229CC24609FB0001C4A8D /* Release */,
			);
			defaultConfigurationIsVisible = 0;
			defaultConfigurationName = Release;
		};
		E9E229CD24609FB0001C4A8D /* Build configuration list for PBXNativeTarget "PlaidApp" */ = {
			isa = XCConfigurationList;
			buildConfigurations = (
				E9E229CE24609FB0001C4A8D /* Debug */,
				E9E229CF24609FB0001C4A8D /* Release */,
			);
			defaultConfigurationIsVisible = 0;
			defaultConfigurationName = Release;
		};
/* End XCConfigurationList section */
	};
	rootObject = E9E229B124609FAF001C4A8D /* Project object */;
}
